
Microsoft Visual Studio Solution File, Format Version 12.00
# Visual Studio Version 16
VisualStudioVersion = 16.0.29911.84
MinimumVisualStudioVersion = 10.0.40219.1
Project("{FAE04EC0-301F-11D3-BF4B-00C04F79EFBC}") = "sshproxy", "sshproxy\sshproxy.csproj", "{EE4D2BEC-DDCF-4415-9FE0-444E10B17B34}"
EndProject
Global
	GlobalSection(SolutionConfigurationPlatforms) = preSolution
		Debug|Any CPU = Debug|Any CPU
		Release|Any CPU = Release|Any CPU
	EndGlobalSection
	GlobalSection(ProjectConfigurationPlatforms) = postSolution
		{EE4D2BEC-DDCF-4415-9FE0-444E10B17B34}.Debug|Any CPU.ActiveCfg = Debug|Any CPU
		{EE4D2BEC-DDCF-4415-9FE0-444E10B17B34}.Debug|Any CPU.Build.0 = Debug|Any CPU
		{EE4D2BEC-DDCF-4415-9FE0-444E10B17B34}.Release|Any CPU.ActiveCfg = Release|Any CPU
		{EE4D2BEC-DDCF-4415-9FE0-444E10B17B34}.Release|Any CPU.Build.0 = Release|Any CPU
	EndGlobalSection
	GlobalSection(SolutionProperties) = preSolution
		HideSolutionNode = FALSE
	EndGlobalSection
	GlobalSection(ExtensibilityGlobals) = postSolution
		SolutionGuid = {5B11B705-DA0D-4B69-8F9D-7A2702719A16}
	EndGlobalSection
EndGlobal
